
Microsoft Visual Studio Solution File, Format Version 12.00
# Visual Studio 15
VisualStudioVersion = 15.0.27130.2036
MinimumVisualStudioVersion = 10.0.40219.1
Project("{FAE04EC0-301F-11D3-BF4B-00C04F79EFBC}") = "Aumento", "Aumento\Aumento.csproj", "{3BF99111-C998-4331-B046-E2CCAFBDCC58}"
EndProject
Project("{FAE04EC0-301F-11D3-BF4B-00C04F79EFBC}") = "Lockoperation", "Lockoperation\Lockoperation.csproj", "{49AD5524-A7C5-4865-AA02-473EBAF0416B}"
EndProject
Global
	GlobalSection(SolutionConfigurationPlatforms) = preSolution
		Debug|Any CPU = Debug|Any CPU
		Release|Any CPU = Release|Any CPU
	EndGlobalSection
	GlobalSection(ProjectConfigurationPlatforms) = postSolution
		{3BF99111-C998-4331-B046-E2CCAFBDCC58}.Debug|Any CPU.ActiveCfg = Debug|Any CPU
		{3BF99111-C998-4331-B046-E2CCAFBDCC58}.Debug|Any CPU.Build.0 = Debug|Any CPU
		{3BF99111-C998-4331-B046-E2CCAFBDCC58}.Release|Any CPU.ActiveCfg = Release|Any CPU
		{3BF99111-C998-4331-B046-E2CCAFBDCC58}.Release|Any CPU.Build.0 = Release|Any CPU
		{49AD5524-A7C5-4865-AA02-473EBAF0416B}.Debug|Any CPU.ActiveCfg = Debug|Any CPU
		{49AD5524-A7C5-4865-AA02-473EBAF0416B}.Debug|Any CPU.Build.0 = Debug|Any CPU
		{49AD5524-A7C5-4865-AA02-473EBAF0416B}.Release|Any CPU.ActiveCfg = Release|Any CPU
		{49AD5524-A7C5-4865-AA02-473EBAF0416B}.Release|Any CPU.Build.0 = Release|Any CPU
	EndGlobalSection
	GlobalSection(SolutionProperties) = preSolution
		HideSolutionNode = FALSE
	EndGlobalSection
	GlobalSection(ExtensibilityGlobals) = postSolution
		SolutionGuid = {473C8F0E-9845-4325-9323-B2A117401599}
	EndGlobalSection
EndGlobal
